
Microsoft Visual Studio Solution File, Format Version 12.00
# Visual Studio 14
VisualStudioVersion = 14.0.25420.1
MinimumVisualStudioVersion = 10.0.40219.1
Project("{8BC9CEB8-8B4A-11D0-8D11-00A0C91BC942}") = "HulK", "HulK.vcxproj", "{09AEE234-8D5B-4DF5-B145-17B15328F7A0}"
EndProject
Project("{8BC9CEB8-8B4A-11D0-8D11-00A0C91BC942}") = "systemmenu", "systemmenu\systemmenu.vcxproj", "{0BA2ED29-C3D6-4A67-BFCE-448155C171CF}"
EndProject
Project("{8BC9CEB8-8B4A-11D0-8D11-00A0C91BC942}") = "wdhook", "wdhook\wdhook.vcxproj", "{F19D548F-FB05-4356-851B-9B3B2136C5CE}"
EndProject
Project("{8BC9CEB8-8B4A-11D0-8D11-00A0C91BC942}") = "desktops", "desktops\desktops.vcxproj", "{0128C30C-0270-4AC3-93FF-98FD1B04EAD6}"
EndProject
Global
	GlobalSection(SolutionConfigurationPlatforms) = preSolution
		Debug|Mixed Platforms = Debug|Mixed Platforms
		Debug|Win32 = Debug|Win32
		Debug|x64 = Debug|x64
		Release|Mixed Platforms = Release|Mixed Platforms
		Release|Win32 = Release|Win32
		Release|x64 = Release|x64
	EndGlobalSection
	GlobalSection(ProjectConfigurationPlatforms) = postSolution
		{09AEE234-8D5B-4DF5-B145-17B15328F7A0}.Debug|Mixed Platforms.ActiveCfg = Debug|Win32
		{09AEE234-8D5B-4DF5-B145-17B15328F7A0}.Debug|Mixed Platforms.Build.0 = Debug|Win32
		{09AEE234-8D5B-4DF5-B145-17B15328F7A0}.Debug|Win32.ActiveCfg = Debug|Win32
		{09AEE234-8D5B-4DF5-B145-17B15328F7A0}.Debug|Win32.Build.0 = Debug|Win32
		{09AEE234-8D5B-4DF5-B145-17B15328F7A0}.Debug|x64.ActiveCfg = Debug|x64
		{09AEE234-8D5B-4DF5-B145-17B15328F7A0}.Debug|x64.Build.0 = Debug|x64
		{09AEE234-8D5B-4DF5-B145-17B15328F7A0}.Release|Mixed Platforms.ActiveCfg = Release|Win32
		{09AEE234-8D5B-4DF5-B145-17B15328F7A0}.Release|Mixed Platforms.Build.0 = Release|Win32
		{09AEE234-8D5B-4DF5-B145-17B15328F7A0}.Release|Win32.ActiveCfg = Release|Win32
		{09AEE234-8D5B-4DF5-B145-17B15328F7A0}.Release|Win32.Build.0 = Release|Win32
		{09AEE234-8D5B-4DF5-B145-17B15328F7A0}.Release|x64.ActiveCfg = Release|x64
		{09AEE234-8D5B-4DF5-B145-17B15328F7A0}.Release|x64.Build.0 = Release|x64
		{0BA2ED29-C3D6-4A67-BFCE-448155C171CF}.Debug|Mixed Platforms.ActiveCfg = Debug|Win32
		{0BA2ED29-C3D6-4A67-BFCE-448155C171CF}.Debug|Mixed Platforms.Build.0 = Debug|Win32
		{0BA2ED29-C3D6-4A67-BFCE-448155C171CF}.Debug|Win32.ActiveCfg = Debug|Win32
		{0BA2ED29-C3D6-4A67-BFCE-448155C171CF}.Debug|Win32.Build.0 = Debug|Win32
		{0BA2ED29-C3D6-4A67-BFCE-448155C171CF}.Debug|x64.ActiveCfg = Debug|x64
		{0BA2ED29-C3D6-4A67-BFCE-448155C171CF}.Debug|x64.Build.0 = Debug|x64
		{0BA2ED29-C3D6-4A67-BFCE-448155C171CF}.Release|Mixed Platforms.ActiveCfg = Release|Win32
		{0BA2ED29-C3D6-4A67-BFCE-448155C171CF}.Release|Mixed Platforms.Build.0 = Release|Win32
		{0BA2ED29-C3D6-4A67-BFCE-448155C171CF}.Release|Win32.ActiveCfg = Release|Win32
		{0BA2ED29-C3D6-4A67-BFCE-448155C171CF}.Release|Win32.Build.0 = Release|Win32
		{0BA2ED29-C3D6-4A67-BFCE-448155C171CF}.Release|x64.ActiveCfg = Release|x64
		{0BA2ED29-C3D6-4A67-BFCE-448155C171CF}.Release|x64.Build.0 = Release|x64
		{F19D548F-FB05-4356-851B-9B3B2136C5CE}.Debug|Mixed Platforms.ActiveCfg = Debug|Win32
		{F19D548F-FB05-4356-851B-9B3B2136C5CE}.Debug|Mixed Platforms.Build.0 = Debug|Win32
		{F19D548F-FB05-4356-851B-9B3B2136C5CE}.Debug|Win32.ActiveCfg = Debug|Win32
		{F19D548F-FB05-4356-851B-9B3B2136C5CE}.Debug|Win32.Build.0 = Debug|Win32
		{F19D548F-FB05-4356-851B-9B3B2136C5CE}.Debug|x64.ActiveCfg = Debug|x64
		{F19D548F-FB05-4356-851B-9B3B2136C5CE}.Debug|x64.Build.0 = Debug|x64
		{F19D548F-FB05-4356-851B-9B3B2136C5CE}.Release|Mixed Platforms.ActiveCfg = Release|Win32
		{F19D548F-FB05-4356-851B-9B3B2136C5CE}.Release|Mixed Platforms.Build.0 = Release|Win32
		{F19D548F-FB05-4356-851B-9B3B2136C5CE}.Release|Win32.ActiveCfg = Release|Win32
		{F19D548F-FB05-4356-851B-9B3B2136C5CE}.Release|Win32.Build.0 = Release|Win32
		{F19D548F-FB05-4356-851B-9B3B2136C5CE}.Release|x64.ActiveCfg = Release|x64
		{F19D548F-FB05-4356-851B-9B3B2136C5CE}.Release|x64.Build.0 = Release|x64
		{0128C30C-0270-4AC3-93FF-98FD1B04EAD6}.Debug|Mixed Platforms.ActiveCfg = Debug|Win32
		{0128C30C-0270-4AC3-93FF-98FD1B04EAD6}.Debug|Mixed Platforms.Build.0 = Debug|Win32
		{0128C30C-0270-4AC3-93FF-98FD1B04EAD6}.Debug|Win32.ActiveCfg = Debug|Win32
		{0128C30C-0270-4AC3-93FF-98FD1B04EAD6}.Debug|Win32.Build.0 = Debug|Win32
		{0128C30C-0270-4AC3-93FF-98FD1B04EAD6}.Debug|x64.ActiveCfg = Debug|x64
		{0128C30C-0270-4AC3-93FF-98FD1B04EAD6}.Debug|x64.Build.0 = Debug|x64
		{0128C30C-0270-4AC3-93FF-98FD1B04EAD6}.Release|Mixed Platforms.ActiveCfg = Release|Win32
		{0128C30C-0270-4AC3-93FF-98FD1B04EAD6}.Release|Mixed Platforms.Build.0 = Release|Win32
		{0128C30C-0270-4AC3-93FF-98FD1B04EAD6}.Release|Win32.ActiveCfg = Release|Win32
		{0128C30C-0270-4AC3-93FF-98FD1B04EAD6}.Release|Win32.Build.0 = Release|Win32
		{0128C30C-0270-4AC3-93FF-98FD1B04EAD6}.Release|x64.ActiveCfg = Release|x64
		{0128C30C-0270-4AC3-93FF-98FD1B04EAD6}.Release|x64.Build.0 = Release|x64
	EndGlobalSection
	GlobalSection(SolutionProperties) = preSolution
		HideSolutionNode = FALSE
	EndGlobalSection
EndGlobal
