
Microsoft Visual Studio Solution File, Format Version 9.00
# Visual Studio 2005
Project("{8BC9CEB8-8B4A-11D0-8D11-00A0C91BC942}") = "PortAL", "PortAL.vcproj", "{E1F9CAEE-C277-4F6E-853E-D9835D748635}"
	ProjectSection(ProjectDependencies) = postProject
		{F19D548F-FB05-4356-851B-9B3B2136C5CE} = {F19D548F-FB05-4356-851B-9B3B2136C5CE}
	EndProjectSection
EndProject
Project("{8BC9CEB8-8B4A-11D0-8D11-00A0C91BC942}") = "xmlconfig", "xmlconfig\xmlconfig.vcproj", "{F19D548F-FB05-4356-851B-9B3B2136C5CE}"
EndProject
Global
	GlobalSection(SolutionConfigurationPlatforms) = preSolution
		Debug|Win32 = Debug|Win32
		Release|Win32 = Release|Win32
	EndGlobalSection
	GlobalSection(ProjectConfigurationPlatforms) = postSolution
		{E1F9CAEE-C277-4F6E-853E-D9835D748635}.Debug|Win32.ActiveCfg = Debug|Win32
		{E1F9CAEE-C277-4F6E-853E-D9835D748635}.Debug|Win32.Build.0 = Debug|Win32
		{E1F9CAEE-C277-4F6E-853E-D9835D748635}.Release|Win32.ActiveCfg = Release|Win32
		{E1F9CAEE-C277-4F6E-853E-D9835D748635}.Release|Win32.Build.0 = Release|Win32
		{F19D548F-FB05-4356-851B-9B3B2136C5CE}.Debug|Win32.ActiveCfg = Debug|Win32
		{F19D548F-FB05-4356-851B-9B3B2136C5CE}.Debug|Win32.Build.0 = Debug|Win32
		{F19D548F-FB05-4356-851B-9B3B2136C5CE}.Release|Win32.ActiveCfg = Release|Win32
		{F19D548F-FB05-4356-851B-9B3B2136C5CE}.Release|Win32.Build.0 = Release|Win32
	EndGlobalSection
	GlobalSection(SolutionProperties) = preSolution
		HideSolutionNode = FALSE
	EndGlobalSection
EndGlobal
