
Microsoft Visual Studio Solution File, Format Version 10.00
# Visual Studio 2008
Project("{8BC9CEB8-8B4A-11D0-8D11-00A0C91BC942}") = "PortAL", "PortAL_vs2008.vcproj", "{E1F9CAEE-C277-4F6E-853E-D9835D748635}"
EndProject
Global
	GlobalSection(SolutionConfigurationPlatforms) = preSolution
		Debug x64|Win32 = Debug x64|Win32
		Debug x64|x64 = Debug x64|x64
		Debug|Win32 = Debug|Win32
		Debug|x64 = Debug|x64
		Express Debug|Win32 = Express Debug|Win32
		Express Debug|x64 = Express Debug|x64
		Express Release|Win32 = Express Release|Win32
		Express Release|x64 = Express Release|x64
		Release x64|Win32 = Release x64|Win32
		Release x64|x64 = Release x64|x64
		Release|Win32 = Release|Win32
		Release|x64 = Release|x64
	EndGlobalSection
	GlobalSection(ProjectConfigurationPlatforms) = postSolution
		{E1F9CAEE-C277-4F6E-853E-D9835D748635}.Debug x64|Win32.ActiveCfg = Debug|x64
		{E1F9CAEE-C277-4F6E-853E-D9835D748635}.Debug x64|Win32.Build.0 = Debug|x64
		{E1F9CAEE-C277-4F6E-853E-D9835D748635}.Debug x64|x64.ActiveCfg = Debug|x64
		{E1F9CAEE-C277-4F6E-853E-D9835D748635}.Debug x64|x64.Build.0 = Debug|x64
		{E1F9CAEE-C277-4F6E-853E-D9835D748635}.Debug|Win32.ActiveCfg = Debug|Win32
		{E1F9CAEE-C277-4F6E-853E-D9835D748635}.Debug|Win32.Build.0 = Debug|Win32
		{E1F9CAEE-C277-4F6E-853E-D9835D748635}.Debug|x64.ActiveCfg = Debug|x64
		{E1F9CAEE-C277-4F6E-853E-D9835D748635}.Debug|x64.Build.0 = Debug|x64
		{E1F9CAEE-C277-4F6E-853E-D9835D748635}.Express Debug|Win32.ActiveCfg = Express Debug|Win32
		{E1F9CAEE-C277-4F6E-853E-D9835D748635}.Express Debug|Win32.Build.0 = Express Debug|Win32
		{E1F9CAEE-C277-4F6E-853E-D9835D748635}.Express Debug|x64.ActiveCfg = Express Debug|x64
		{E1F9CAEE-C277-4F6E-853E-D9835D748635}.Express Debug|x64.Build.0 = Express Debug|x64
		{E1F9CAEE-C277-4F6E-853E-D9835D748635}.Express Release|Win32.ActiveCfg = Express Release|Win32
		{E1F9CAEE-C277-4F6E-853E-D9835D748635}.Express Release|Win32.Build.0 = Express Release|Win32
		{E1F9CAEE-C277-4F6E-853E-D9835D748635}.Express Release|x64.ActiveCfg = Express Release|x64
		{E1F9CAEE-C277-4F6E-853E-D9835D748635}.Express Release|x64.Build.0 = Express Release|x64
		{E1F9CAEE-C277-4F6E-853E-D9835D748635}.Release x64|Win32.ActiveCfg = Release|x64
		{E1F9CAEE-C277-4F6E-853E-D9835D748635}.Release x64|Win32.Build.0 = Release|x64
		{E1F9CAEE-C277-4F6E-853E-D9835D748635}.Release x64|x64.ActiveCfg = Release|x64
		{E1F9CAEE-C277-4F6E-853E-D9835D748635}.Release x64|x64.Build.0 = Release|x64
		{E1F9CAEE-C277-4F6E-853E-D9835D748635}.Release|Win32.ActiveCfg = Release|Win32
		{E1F9CAEE-C277-4F6E-853E-D9835D748635}.Release|Win32.Build.0 = Release|Win32
		{E1F9CAEE-C277-4F6E-853E-D9835D748635}.Release|x64.ActiveCfg = Release|x64
		{E1F9CAEE-C277-4F6E-853E-D9835D748635}.Release|x64.Build.0 = Release|x64
	EndGlobalSection
	GlobalSection(SolutionProperties) = preSolution
		HideSolutionNode = FALSE
	EndGlobalSection
EndGlobal
